<?xml version="1.0" encoding="utf-8"?>
<Project ToolsVersion="4.0" xmlns="http://schemas.microsoft.com/developer/msbuild/2003">
  <ItemGroup>
    <Filter Include="Source Files">
      <UniqueIdentifier>{4FC737F1-C7A5-4376-A066-2A32D752A2FF}</UniqueIdentifier>
      <Extensions>cpp;c;cc;cxx;def;odl;idl;hpj;bat;asm;asmx</Extensions>
    </Filter>
    <Filter Include="Header Files">
      <UniqueIdentifier>{93995380-89BD-4b04-88EB-625FBE52EBFB}</UniqueIdentifier>
      <Extensions>h;hh;hpp;hxx;hm;inl;inc;xsd</Extensions>
    </Filter>
    <Filter Include="Resource Files">
      <UniqueIdentifier>{67DA6AB6-F800-4c08-8B7A-83BB121AAD01}</UniqueIdentifier>
      <Extensions>rc;ico;cur;bmp;dlg;rc2;rct;bin;rgs;gif;jpg;jpeg;jpe;resx;tiff;tif;png;wav;mfcribbon-ms</Extensions>
    </Filter>
    <Filter Include="Header Files\GameStates">
      <UniqueIdentifier>{f440e961-63fa-47df-b4ea-5f4a120212ff}</UniqueIdentifier>
    </Filter>
    <Filter Include="Resource Files\GameStates">
      <UniqueIdentifier>{2d636208-60d6-4d8e-8f93-bc8e565ab2be}</UniqueIdentifier>
    </Filter>
    <Filter Include="Header Files\GameObjects">
      <UniqueIdentifier>{ea82b7c6-dc0c-4c67-8567-348861c350db}</UniqueIdentifier>
    </Filter>
    <Filter Include="Resource Files\GameObjects">
      <UniqueIdentifier>{4e43a016-0ee7-4b78-86ab-a266cfe272fa}</UniqueIdentifier>
    </Filter>
  </ItemGroup>
  <ItemGroup>
    <ClCompile Include="main.cpp">
      <Filter>Source Files</Filter>
    </ClCompile>
    <ClCompile Include="CGameStateMgr.cpp">
      <Filter>Resource Files\GameStates</Filter>
    </ClCompile>
    <ClCompile Include="CPlayState.cpp">
      <Filter>Resource Files\GameStates</Filter>
    </ClCompile>
    <ClCompile Include="CPlayer.cpp">
      <Filter>Resource Files\GameObjects</Filter>
    </ClCompile>
    <ClCompile Include="CTimeMgr.cpp">
      <Filter>Resource Files\GameObjects</Filter>
    </ClCompile>
    <ClCompile Include="CInvader.cpp">
      <Filter>Resource Files\GameObjects</Filter>
    </ClCompile>
    <ClCompile Include="CInvaderMgr.cpp">
      <Filter>Resource Files\GameObjects</Filter>
    </ClCompile>
    <ClCompile Include="CBullet.cpp">
      <Filter>Resource Files\GameObjects</Filter>
    </ClCompile>
    <ClCompile Include="CBulletMgr.cpp">
      <Filter>Resource Files\GameObjects</Filter>
    </ClCompile>
    <ClCompile Include="CCollisionMgr.cpp">
      <Filter>Resource Files\GameObjects</Filter>
    </ClCompile>
    <ClCompile Include="CEndState.cpp">
      <Filter>Resource Files\GameStates</Filter>
    </ClCompile>
    <ClCompile Include="CMainMenuState.cpp">
      <Filter>Resource Files\GameStates</Filter>
    </ClCompile>
    <ClCompile Include="CBarricade.cpp">
      <Filter>Resource Files\GameObjects</Filter>
    </ClCompile>
    <ClCompile Include="CBarricadeMgr.cpp">
      <Filter>Resource Files\GameObjects</Filter>
    </ClCompile>
  </ItemGroup>
  <ItemGroup>
    <ClInclude Include="CGameState.hpp">
      <Filter>Header Files\GameStates</Filter>
    </ClInclude>
    <ClInclude Include="CGameStateMgr.hpp">
      <Filter>Header Files\GameStates</Filter>
    </ClInclude>
    <ClInclude Include="CPlayState.hpp">
      <Filter>Header Files\GameStates</Filter>
    </ClInclude>
    <ClInclude Include="CPlayer.hpp">
      <Filter>Header Files\GameObjects</Filter>
    </ClInclude>
    <ClInclude Include="CTimeMgr.hpp">
      <Filter>Header Files\GameObjects</Filter>
    </ClInclude>
    <ClInclude Include="CInvader.hpp">
      <Filter>Header Files\GameObjects</Filter>
    </ClInclude>
    <ClInclude Include="CInvaderMgr.hpp">
      <Filter>Header Files\GameObjects</Filter>
    </ClInclude>
    <ClInclude Include="CBullet.hpp">
      <Filter>Header Files\GameObjects</Filter>
    </ClInclude>
    <ClInclude Include="CBulletMgr.hpp">
      <Filter>Header Files\GameObjects</Filter>
    </ClInclude>
    <ClInclude Include="CCollisionMgr.hpp">
      <Filter>Header Files\GameObjects</Filter>
    </ClInclude>
    <ClInclude Include="CEndState.hpp">
      <Filter>Header Files\GameStates</Filter>
    </ClInclude>
    <ClInclude Include="CMainMenuState.hpp">
      <Filter>Header Files\GameStates</Filter>
    </ClInclude>
    <ClInclude Include="CBarricade.hpp">
      <Filter>Header Files\GameObjects</Filter>
    </ClInclude>
    <ClInclude Include="CBarricadeMgr.hpp">
      <Filter>Header Files\GameObjects</Filter>
    </ClInclude>
  </ItemGroup>
</Project>